
Microsoft Visual Studio Solution File, Format Version 12.00
# Visual Studio Version 17
VisualStudioVersion = 17.13.35919.96 d17.13
MinimumVisualStudioVersion = 10.0.40219.1
Project("{FAE04EC0-301F-11D3-BF4B-00C04F79EFBC}") = "ML.NET", "ML.NET.csproj", "{6E79AAEA-78D3-4E5E-BBD0-137A9CAAEEA9}"
EndProject
Global
	GlobalSection(SolutionConfigurationPlatforms) = preSolution
		Debug|Any CPU = Debug|Any CPU
		Release|Any CPU = Release|Any CPU
	EndGlobalSection
	GlobalSection(ProjectConfigurationPlatforms) = postSolution
		{6E79AAEA-78D3-4E5E-BBD0-137A9CAAEEA9}.Debug|Any CPU.ActiveCfg = Debug|Any CPU
		{6E79AAEA-78D3-4E5E-BBD0-137A9CAAEEA9}.Debug|Any CPU.Build.0 = Debug|Any CPU
		{6E79AAEA-78D3-4E5E-BBD0-137A9CAAEEA9}.Release|Any CPU.ActiveCfg = Release|Any CPU
		{6E79AAEA-78D3-4E5E-BBD0-137A9CAAEEA9}.Release|Any CPU.Build.0 = Release|Any CPU
	EndGlobalSection
	GlobalSection(SolutionProperties) = preSolution
		HideSolutionNode = FALSE
	EndGlobalSection
	GlobalSection(ExtensibilityGlobals) = postSolution
		SolutionGuid = {43AB90D7-2B76-478E-B851-78533EC32C39}
	EndGlobalSection
EndGlobal
